
Microsoft Visual Studio Solution File, Format Version 12.00
# Visual Studio Version 17
VisualStudioVersion = 17.9.34723.18
MinimumVisualStudioVersion = 10.0.40219.1
Project("{FAE04EC0-301F-11D3-BF4B-00C04F79EFBC}") = "PriceParserWeb", "PriceParserWeb\PriceParserWeb.csproj", "{123491C9-F146-4A12-B6BF-3ECE415202F9}"
EndProject
Global
	GlobalSection(SolutionConfigurationPlatforms) = preSolution
		Debug|Any CPU = Debug|Any CPU
		Release|Any CPU = Release|Any CPU
	EndGlobalSection
	GlobalSection(ProjectConfigurationPlatforms) = postSolution
		{123491C9-F146-4A12-B6BF-3ECE415202F9}.Debug|Any CPU.ActiveCfg = Debug|Any CPU
		{123491C9-F146-4A12-B6BF-3ECE415202F9}.Debug|Any CPU.Build.0 = Debug|Any CPU
		{123491C9-F146-4A12-B6BF-3ECE415202F9}.Release|Any CPU.ActiveCfg = Release|Any CPU
		{123491C9-F146-4A12-B6BF-3ECE415202F9}.Release|Any CPU.Build.0 = Release|Any CPU
	EndGlobalSection
	GlobalSection(SolutionProperties) = preSolution
		HideSolutionNode = FALSE
	EndGlobalSection
	GlobalSection(ExtensibilityGlobals) = postSolution
		SolutionGuid = {95BC3C88-7FFB-48E1-99A0-6324B0E209AC}
	EndGlobalSection
EndGlobal
